
Microsoft Visual Studio Solution File, Format Version 12.00
# Visual Studio Version 17
VisualStudioVersion = 17.8.34511.84
MinimumVisualStudioVersion = 10.0.40219.1
Project("{9A19103F-16F7-4668-BE54-9A1E7A4F7556}") = "AM.UI.Console", "AM.UI.Console\AM.UI.Console.csproj", "{873EFC8A-9BDC-477F-AABA-A49E6564B825}"
EndProject
Project("{9A19103F-16F7-4668-BE54-9A1E7A4F7556}") = "AM.ApplicationCore", "AM.ApplicationCore\AM.ApplicationCore.csproj", "{3B8F8175-B92F-4A7A-8E60-9AEB2639B294}"
EndProject
Project("{FAE04EC0-301F-11D3-BF4B-00C04F79EFBC}") = "AM.Infrastructure", "AM.Infrastructure\AM.Infrastructure.csproj", "{97CFF2DA-FB01-49B0-B1FC-E43A8F226808}"
EndProject
Global
	GlobalSection(SolutionConfigurationPlatforms) = preSolution
		Debug|Any CPU = Debug|Any CPU
		Release|Any CPU = Release|Any CPU
	EndGlobalSection
	GlobalSection(ProjectConfigurationPlatforms) = postSolution
		{873EFC8A-9BDC-477F-AABA-A49E6564B825}.Debug|Any CPU.ActiveCfg = Debug|Any CPU
		{873EFC8A-9BDC-477F-AABA-A49E6564B825}.Debug|Any CPU.Build.0 = Debug|Any CPU
		{873EFC8A-9BDC-477F-AABA-A49E6564B825}.Release|Any CPU.ActiveCfg = Release|Any CPU
		{873EFC8A-9BDC-477F-AABA-A49E6564B825}.Release|Any CPU.Build.0 = Release|Any CPU
		{3B8F8175-B92F-4A7A-8E60-9AEB2639B294}.Debug|Any CPU.ActiveCfg = Debug|Any CPU
		{3B8F8175-B92F-4A7A-8E60-9AEB2639B294}.Debug|Any CPU.Build.0 = Debug|Any CPU
		{3B8F8175-B92F-4A7A-8E60-9AEB2639B294}.Release|Any CPU.ActiveCfg = Release|Any CPU
		{3B8F8175-B92F-4A7A-8E60-9AEB2639B294}.Release|Any CPU.Build.0 = Release|Any CPU
		{97CFF2DA-FB01-49B0-B1FC-E43A8F226808}.Debug|Any CPU.ActiveCfg = Debug|Any CPU
		{97CFF2DA-FB01-49B0-B1FC-E43A8F226808}.Debug|Any CPU.Build.0 = Debug|Any CPU
		{97CFF2DA-FB01-49B0-B1FC-E43A8F226808}.Release|Any CPU.ActiveCfg = Release|Any CPU
		{97CFF2DA-FB01-49B0-B1FC-E43A8F226808}.Release|Any CPU.Build.0 = Release|Any CPU
	EndGlobalSection
	GlobalSection(SolutionProperties) = preSolution
		HideSolutionNode = FALSE
	EndGlobalSection
	GlobalSection(ExtensibilityGlobals) = postSolution
		SolutionGuid = {C75688C2-1DBD-49B0-A754-6B6DD2F7F8C1}
	EndGlobalSection
EndGlobal
